{
  "requires": true,
  "lockfileVersion": 1,
  "dependencies": {
    "bootstrap-select": {
      "version": "1.13.10",
      "resolved": "https://registry.npmjs.org/bootstrap-select/-/bootstrap-select-1.13.10.tgz",
      "integrity": "sha512-mwfyd+VWHY8wDN4je4Y8PPEaOAzDPUz95z5F5zxzlIqebqxtbrujclFWLrhkVOyETpsgZCL1rsfyEnHpAugtGg=="
    }
  }
}
